
Microsoft Visual Studio Solution File, Format Version 12.00
# Visual Studio Version 16
VisualStudioVersion = 25.0.1704.0
MinimumVisualStudioVersion = 10.0.40219.1
Project("{FAE04EC0-301F-11D3-BF4B-00C04F79EFBC}") = "FinanceApp.Android", "FinanceApp.Android\FinanceApp.Android.csproj", "{9A311C0C-57B5-4189-B821-3BD74FF1C302}"
EndProject
Project("{FAE04EC0-301F-11D3-BF4B-00C04F79EFBC}") = "FinanceApp.iOS", "FinanceApp.iOS\FinanceApp.iOS.csproj", "{E1944253-6398-4A1E-B520-19201D95398E}"
EndProject
Project("{FAE04EC0-301F-11D3-BF4B-00C04F79EFBC}") = "FinanceApp", "FinanceApp\FinanceApp.csproj", "{3EE86AE2-4668-4253-95B9-0E896C3317F1}"
EndProject
Global
	GlobalSection(SolutionConfigurationPlatforms) = preSolution
		Debug|Any CPU = Debug|Any CPU
		Release|Any CPU = Release|Any CPU
		Debug|iPhoneSimulator = Debug|iPhoneSimulator
		Release|iPhoneSimulator = Release|iPhoneSimulator
		Debug|iPhone = Debug|iPhone
		Release|iPhone = Release|iPhone
	EndGlobalSection
	GlobalSection(ProjectConfigurationPlatforms) = postSolution
		{9A311C0C-57B5-4189-B821-3BD74FF1C302}.Debug|Any CPU.ActiveCfg = Debug|Any CPU
		{9A311C0C-57B5-4189-B821-3BD74FF1C302}.Debug|Any CPU.Build.0 = Debug|Any CPU
		{9A311C0C-57B5-4189-B821-3BD74FF1C302}.Release|Any CPU.ActiveCfg = Release|Any CPU
		{9A311C0C-57B5-4189-B821-3BD74FF1C302}.Release|Any CPU.Build.0 = Release|Any CPU
		{9A311C0C-57B5-4189-B821-3BD74FF1C302}.Debug|iPhoneSimulator.ActiveCfg = Debug|Any CPU
		{9A311C0C-57B5-4189-B821-3BD74FF1C302}.Debug|iPhoneSimulator.Build.0 = Debug|Any CPU
		{9A311C0C-57B5-4189-B821-3BD74FF1C302}.Release|iPhoneSimulator.ActiveCfg = Release|Any CPU
		{9A311C0C-57B5-4189-B821-3BD74FF1C302}.Release|iPhoneSimulator.Build.0 = Release|Any CPU
		{9A311C0C-57B5-4189-B821-3BD74FF1C302}.Debug|iPhone.ActiveCfg = Debug|Any CPU
		{9A311C0C-57B5-4189-B821-3BD74FF1C302}.Debug|iPhone.Build.0 = Debug|Any CPU
		{9A311C0C-57B5-4189-B821-3BD74FF1C302}.Release|iPhone.ActiveCfg = Release|Any CPU
		{9A311C0C-57B5-4189-B821-3BD74FF1C302}.Release|iPhone.Build.0 = Release|Any CPU
		{E1944253-6398-4A1E-B520-19201D95398E}.Debug|Any CPU.ActiveCfg = Debug|iPhoneSimulator
		{E1944253-6398-4A1E-B520-19201D95398E}.Debug|Any CPU.Build.0 = Debug|iPhoneSimulator
		{E1944253-6398-4A1E-B520-19201D95398E}.Release|Any CPU.ActiveCfg = Release|iPhoneSimulator
		{E1944253-6398-4A1E-B520-19201D95398E}.Release|Any CPU.Build.0 = Release|iPhoneSimulator
		{E1944253-6398-4A1E-B520-19201D95398E}.Debug|iPhoneSimulator.ActiveCfg = Debug|iPhoneSimulator
		{E1944253-6398-4A1E-B520-19201D95398E}.Debug|iPhoneSimulator.Build.0 = Debug|iPhoneSimulator
		{E1944253-6398-4A1E-B520-19201D95398E}.Release|iPhoneSimulator.ActiveCfg = Release|iPhoneSimulator
		{E1944253-6398-4A1E-B520-19201D95398E}.Release|iPhoneSimulator.Build.0 = Release|iPhoneSimulator
		{E1944253-6398-4A1E-B520-19201D95398E}.Debug|iPhone.ActiveCfg = Debug|iPhone
		{E1944253-6398-4A1E-B520-19201D95398E}.Debug|iPhone.Build.0 = Debug|iPhone
		{E1944253-6398-4A1E-B520-19201D95398E}.Release|iPhone.ActiveCfg = Release|iPhone
		{E1944253-6398-4A1E-B520-19201D95398E}.Release|iPhone.Build.0 = Release|iPhone
		{3EE86AE2-4668-4253-95B9-0E896C3317F1}.Debug|Any CPU.ActiveCfg = Debug|Any CPU
		{3EE86AE2-4668-4253-95B9-0E896C3317F1}.Debug|Any CPU.Build.0 = Debug|Any CPU
		{3EE86AE2-4668-4253-95B9-0E896C3317F1}.Release|Any CPU.ActiveCfg = Release|Any CPU
		{3EE86AE2-4668-4253-95B9-0E896C3317F1}.Release|Any CPU.Build.0 = Release|Any CPU
		{3EE86AE2-4668-4253-95B9-0E896C3317F1}.Debug|iPhoneSimulator.ActiveCfg = Debug|Any CPU
		{3EE86AE2-4668-4253-95B9-0E896C3317F1}.Debug|iPhoneSimulator.Build.0 = Debug|Any CPU
		{3EE86AE2-4668-4253-95B9-0E896C3317F1}.Release|iPhoneSimulator.ActiveCfg = Release|Any CPU
		{3EE86AE2-4668-4253-95B9-0E896C3317F1}.Release|iPhoneSimulator.Build.0 = Release|Any CPU
		{3EE86AE2-4668-4253-95B9-0E896C3317F1}.Debug|iPhone.ActiveCfg = Debug|Any CPU
		{3EE86AE2-4668-4253-95B9-0E896C3317F1}.Debug|iPhone.Build.0 = Debug|Any CPU
		{3EE86AE2-4668-4253-95B9-0E896C3317F1}.Release|iPhone.ActiveCfg = Release|Any CPU
		{3EE86AE2-4668-4253-95B9-0E896C3317F1}.Release|iPhone.Build.0 = Release|Any CPU
	EndGlobalSection
	GlobalSection(SolutionProperties) = preSolution
		HideSolutionNode = FALSE
	EndGlobalSection
	GlobalSection(ExtensibilityGlobals) = postSolution
		SolutionGuid = {90AF7E82-B00C-4C7D-906D-AAB24B2E79E5}
	EndGlobalSection
EndGlobal
