
Microsoft Visual Studio Solution File, Format Version 12.00
# Visual Studio Version 16
VisualStudioVersion = 16.0.809.9
MinimumVisualStudioVersion = 10.0.40219.1
Project("{FAE04EC0-301F-11D3-BF4B-00C04F79EFBC}") = "TravelRecordApp.Android", "TravelRecordApp.Android\TravelRecordApp.Android.csproj", "{B9B41BA4-A218-49A1-A8DF-E63D5C5D1F28}"
EndProject
Project("{FAE04EC0-301F-11D3-BF4B-00C04F79EFBC}") = "TravelRecordApp.iOS", "TravelRecordApp.iOS\TravelRecordApp.iOS.csproj", "{98EFAC7A-E560-4AAD-8DA3-294E77397ABB}"
EndProject
Project("{FAE04EC0-301F-11D3-BF4B-00C04F79EFBC}") = "TravelRecordApp", "TravelRecordApp\TravelRecordApp.csproj", "{8CC0735E-EA85-4925-A1DB-90B3E7D4B3A3}"
EndProject
Global
	GlobalSection(SolutionConfigurationPlatforms) = preSolution
		Debug|Any CPU = Debug|Any CPU
		Release|Any CPU = Release|Any CPU
		Debug|iPhoneSimulator = Debug|iPhoneSimulator
		Release|iPhoneSimulator = Release|iPhoneSimulator
		Debug|iPhone = Debug|iPhone
		Release|iPhone = Release|iPhone
	EndGlobalSection
	GlobalSection(ProjectConfigurationPlatforms) = postSolution
		{B9B41BA4-A218-49A1-A8DF-E63D5C5D1F28}.Debug|Any CPU.ActiveCfg = Debug|Any CPU
		{B9B41BA4-A218-49A1-A8DF-E63D5C5D1F28}.Debug|Any CPU.Build.0 = Debug|Any CPU
		{B9B41BA4-A218-49A1-A8DF-E63D5C5D1F28}.Release|Any CPU.ActiveCfg = Release|Any CPU
		{B9B41BA4-A218-49A1-A8DF-E63D5C5D1F28}.Release|Any CPU.Build.0 = Release|Any CPU
		{B9B41BA4-A218-49A1-A8DF-E63D5C5D1F28}.Debug|iPhoneSimulator.ActiveCfg = Debug|Any CPU
		{B9B41BA4-A218-49A1-A8DF-E63D5C5D1F28}.Debug|iPhoneSimulator.Build.0 = Debug|Any CPU
		{B9B41BA4-A218-49A1-A8DF-E63D5C5D1F28}.Release|iPhoneSimulator.ActiveCfg = Release|Any CPU
		{B9B41BA4-A218-49A1-A8DF-E63D5C5D1F28}.Release|iPhoneSimulator.Build.0 = Release|Any CPU
		{B9B41BA4-A218-49A1-A8DF-E63D5C5D1F28}.Debug|iPhone.ActiveCfg = Debug|Any CPU
		{B9B41BA4-A218-49A1-A8DF-E63D5C5D1F28}.Debug|iPhone.Build.0 = Debug|Any CPU
		{B9B41BA4-A218-49A1-A8DF-E63D5C5D1F28}.Release|iPhone.ActiveCfg = Release|Any CPU
		{B9B41BA4-A218-49A1-A8DF-E63D5C5D1F28}.Release|iPhone.Build.0 = Release|Any CPU
		{98EFAC7A-E560-4AAD-8DA3-294E77397ABB}.Debug|Any CPU.ActiveCfg = Debug|iPhoneSimulator
		{98EFAC7A-E560-4AAD-8DA3-294E77397ABB}.Debug|Any CPU.Build.0 = Debug|iPhoneSimulator
		{98EFAC7A-E560-4AAD-8DA3-294E77397ABB}.Release|Any CPU.ActiveCfg = Release|iPhoneSimulator
		{98EFAC7A-E560-4AAD-8DA3-294E77397ABB}.Release|Any CPU.Build.0 = Release|iPhoneSimulator
		{98EFAC7A-E560-4AAD-8DA3-294E77397ABB}.Debug|iPhoneSimulator.ActiveCfg = Debug|iPhoneSimulator
		{98EFAC7A-E560-4AAD-8DA3-294E77397ABB}.Debug|iPhoneSimulator.Build.0 = Debug|iPhoneSimulator
		{98EFAC7A-E560-4AAD-8DA3-294E77397ABB}.Release|iPhoneSimulator.ActiveCfg = Release|iPhoneSimulator
		{98EFAC7A-E560-4AAD-8DA3-294E77397ABB}.Release|iPhoneSimulator.Build.0 = Release|iPhoneSimulator
		{98EFAC7A-E560-4AAD-8DA3-294E77397ABB}.Debug|iPhone.ActiveCfg = Debug|iPhone
		{98EFAC7A-E560-4AAD-8DA3-294E77397ABB}.Debug|iPhone.Build.0 = Debug|iPhone
		{98EFAC7A-E560-4AAD-8DA3-294E77397ABB}.Release|iPhone.ActiveCfg = Release|iPhone
		{98EFAC7A-E560-4AAD-8DA3-294E77397ABB}.Release|iPhone.Build.0 = Release|iPhone
		{8CC0735E-EA85-4925-A1DB-90B3E7D4B3A3}.Debug|Any CPU.ActiveCfg = Debug|Any CPU
		{8CC0735E-EA85-4925-A1DB-90B3E7D4B3A3}.Debug|Any CPU.Build.0 = Debug|Any CPU
		{8CC0735E-EA85-4925-A1DB-90B3E7D4B3A3}.Release|Any CPU.ActiveCfg = Release|Any CPU
		{8CC0735E-EA85-4925-A1DB-90B3E7D4B3A3}.Release|Any CPU.Build.0 = Release|Any CPU
		{8CC0735E-EA85-4925-A1DB-90B3E7D4B3A3}.Debug|iPhoneSimulator.ActiveCfg = Debug|Any CPU
		{8CC0735E-EA85-4925-A1DB-90B3E7D4B3A3}.Debug|iPhoneSimulator.Build.0 = Debug|Any CPU
		{8CC0735E-EA85-4925-A1DB-90B3E7D4B3A3}.Release|iPhoneSimulator.ActiveCfg = Release|Any CPU
		{8CC0735E-EA85-4925-A1DB-90B3E7D4B3A3}.Release|iPhoneSimulator.Build.0 = Release|Any CPU
		{8CC0735E-EA85-4925-A1DB-90B3E7D4B3A3}.Debug|iPhone.ActiveCfg = Debug|Any CPU
		{8CC0735E-EA85-4925-A1DB-90B3E7D4B3A3}.Debug|iPhone.Build.0 = Debug|Any CPU
		{8CC0735E-EA85-4925-A1DB-90B3E7D4B3A3}.Release|iPhone.ActiveCfg = Release|Any CPU
		{8CC0735E-EA85-4925-A1DB-90B3E7D4B3A3}.Release|iPhone.Build.0 = Release|Any CPU
	EndGlobalSection
	GlobalSection(SolutionProperties) = preSolution
		HideSolutionNode = FALSE
	EndGlobalSection
	GlobalSection(ExtensibilityGlobals) = postSolution
		SolutionGuid = {3910F598-68EC-4624-A45D-1CB3A5972781}
	EndGlobalSection
EndGlobal
