
Microsoft Visual Studio Solution File, Format Version 12.00
# Visual Studio Version 16
VisualStudioVersion = 16.0.808.10
MinimumVisualStudioVersion = 10.0.40219.1
Project("{FAE04EC0-301F-11D3-BF4B-00C04F79EFBC}") = "AnimeCharacters.Android", "AnimeCharacters.Android\AnimeCharacters.Android.csproj", "{90AA19B9-E2BA-41C0-9577-80053AE095A3}"
EndProject
Project("{FAE04EC0-301F-11D3-BF4B-00C04F79EFBC}") = "AnimeCharacters.iOS", "AnimeCharacters.iOS\AnimeCharacters.iOS.csproj", "{79831C88-2E67-49B8-A445-03226A11265C}"
EndProject
Project("{FAE04EC0-301F-11D3-BF4B-00C04F79EFBC}") = "AnimeCharacters", "AnimeCharacters\AnimeCharacters.csproj", "{03E3265E-5CD4-4707-A902-3480C73243C8}"
EndProject
Global
	GlobalSection(SolutionConfigurationPlatforms) = preSolution
		Debug|Any CPU = Debug|Any CPU
		Release|Any CPU = Release|Any CPU
		Debug|iPhoneSimulator = Debug|iPhoneSimulator
		Release|iPhoneSimulator = Release|iPhoneSimulator
		Debug|iPhone = Debug|iPhone
		Release|iPhone = Release|iPhone
	EndGlobalSection
	GlobalSection(ProjectConfigurationPlatforms) = postSolution
		{90AA19B9-E2BA-41C0-9577-80053AE095A3}.Debug|Any CPU.ActiveCfg = Debug|Any CPU
		{90AA19B9-E2BA-41C0-9577-80053AE095A3}.Debug|Any CPU.Build.0 = Debug|Any CPU
		{90AA19B9-E2BA-41C0-9577-80053AE095A3}.Release|Any CPU.ActiveCfg = Release|Any CPU
		{90AA19B9-E2BA-41C0-9577-80053AE095A3}.Release|Any CPU.Build.0 = Release|Any CPU
		{90AA19B9-E2BA-41C0-9577-80053AE095A3}.Debug|iPhoneSimulator.ActiveCfg = Debug|Any CPU
		{90AA19B9-E2BA-41C0-9577-80053AE095A3}.Debug|iPhoneSimulator.Build.0 = Debug|Any CPU
		{90AA19B9-E2BA-41C0-9577-80053AE095A3}.Release|iPhoneSimulator.ActiveCfg = Release|Any CPU
		{90AA19B9-E2BA-41C0-9577-80053AE095A3}.Release|iPhoneSimulator.Build.0 = Release|Any CPU
		{90AA19B9-E2BA-41C0-9577-80053AE095A3}.Debug|iPhone.ActiveCfg = Debug|Any CPU
		{90AA19B9-E2BA-41C0-9577-80053AE095A3}.Debug|iPhone.Build.0 = Debug|Any CPU
		{90AA19B9-E2BA-41C0-9577-80053AE095A3}.Release|iPhone.ActiveCfg = Release|Any CPU
		{90AA19B9-E2BA-41C0-9577-80053AE095A3}.Release|iPhone.Build.0 = Release|Any CPU
		{79831C88-2E67-49B8-A445-03226A11265C}.Debug|Any CPU.ActiveCfg = Debug|iPhoneSimulator
		{79831C88-2E67-49B8-A445-03226A11265C}.Debug|Any CPU.Build.0 = Debug|iPhoneSimulator
		{79831C88-2E67-49B8-A445-03226A11265C}.Release|Any CPU.ActiveCfg = Release|iPhoneSimulator
		{79831C88-2E67-49B8-A445-03226A11265C}.Release|Any CPU.Build.0 = Release|iPhoneSimulator
		{79831C88-2E67-49B8-A445-03226A11265C}.Debug|iPhoneSimulator.ActiveCfg = Debug|iPhoneSimulator
		{79831C88-2E67-49B8-A445-03226A11265C}.Debug|iPhoneSimulator.Build.0 = Debug|iPhoneSimulator
		{79831C88-2E67-49B8-A445-03226A11265C}.Release|iPhoneSimulator.ActiveCfg = Release|iPhoneSimulator
		{79831C88-2E67-49B8-A445-03226A11265C}.Release|iPhoneSimulator.Build.0 = Release|iPhoneSimulator
		{79831C88-2E67-49B8-A445-03226A11265C}.Debug|iPhone.ActiveCfg = Debug|iPhone
		{79831C88-2E67-49B8-A445-03226A11265C}.Debug|iPhone.Build.0 = Debug|iPhone
		{79831C88-2E67-49B8-A445-03226A11265C}.Release|iPhone.ActiveCfg = Release|iPhone
		{79831C88-2E67-49B8-A445-03226A11265C}.Release|iPhone.Build.0 = Release|iPhone
		{03E3265E-5CD4-4707-A902-3480C73243C8}.Debug|Any CPU.ActiveCfg = Debug|Any CPU
		{03E3265E-5CD4-4707-A902-3480C73243C8}.Debug|Any CPU.Build.0 = Debug|Any CPU
		{03E3265E-5CD4-4707-A902-3480C73243C8}.Release|Any CPU.ActiveCfg = Release|Any CPU
		{03E3265E-5CD4-4707-A902-3480C73243C8}.Release|Any CPU.Build.0 = Release|Any CPU
		{03E3265E-5CD4-4707-A902-3480C73243C8}.Debug|iPhoneSimulator.ActiveCfg = Debug|Any CPU
		{03E3265E-5CD4-4707-A902-3480C73243C8}.Debug|iPhoneSimulator.Build.0 = Debug|Any CPU
		{03E3265E-5CD4-4707-A902-3480C73243C8}.Release|iPhoneSimulator.ActiveCfg = Release|Any CPU
		{03E3265E-5CD4-4707-A902-3480C73243C8}.Release|iPhoneSimulator.Build.0 = Release|Any CPU
		{03E3265E-5CD4-4707-A902-3480C73243C8}.Debug|iPhone.ActiveCfg = Debug|Any CPU
		{03E3265E-5CD4-4707-A902-3480C73243C8}.Debug|iPhone.Build.0 = Debug|Any CPU
		{03E3265E-5CD4-4707-A902-3480C73243C8}.Release|iPhone.ActiveCfg = Release|Any CPU
		{03E3265E-5CD4-4707-A902-3480C73243C8}.Release|iPhone.Build.0 = Release|Any CPU
	EndGlobalSection
	GlobalSection(SolutionProperties) = preSolution
		HideSolutionNode = FALSE
	EndGlobalSection
	GlobalSection(ExtensibilityGlobals) = postSolution
		SolutionGuid = {1AB3F1FD-86E6-4C84-A993-1AD754BD5D16}
	EndGlobalSection
EndGlobal
